%{"bunt": {:hex, :bunt, "0.2.0", "951c6e801e8b1d2cbe58ebbd3e616a869061ddadcc4863d0a2182541acae9a38", [:mix], []},
  "credo": {:hex, :credo, "0.7.1", "bd09fe5bc33357aed187a405a695b586d36b4a836d4377ce496651aa483a7c18", [:mix], [{:bunt, "~> 0.2.0", [hex: :bunt, optional: false]}]},
  "poison": {:hex, :poison, "3.0.0", "625ebd64d33ae2e65201c2c14d6c85c27cc8b68f2d0dd37828fde9c6920dd131", [:mix], []}}
